{
  "version": 4,
  "terraform_version": "1.8.4",
  "serial": 16,
  "lineage": "37e2f47c-29c8-51f7-7cd6-551af531c16b",
  "outputs": {
    "Server_IP": {
      "value": "54.172.29.144",
      "type": "string"
    }
  },
  "resources": [
    {
      "mode": "managed",
      "type": "aws_instance",
      "name": "LiVEPEER_GWID_POC_SERVER",
      "provider": "provider[\"registry.terraform.io/hashicorp/aws\"]",
      "instances": [
        {
          "schema_version": 1,
          "attributes": {
            "ami": "ami-0e86e20dae9224db8",
            "arn": "arn:aws:ec2:us-east-1:968260241141:instance/i-03594fb9c25c3953c",
            "associate_public_ip_address": true,
            "availability_zone": "us-east-1a",
            "capacity_reservation_specification": [
              {
                "capacity_reservation_preference": "open",
                "capacity_reservation_target": []
              }
            ],
            "cpu_core_count": 1,
            "cpu_threads_per_core": 1,
            "credit_specification": [
              {
                "cpu_credits": "standard"
              }
            ],
            "disable_api_termination": false,
            "ebs_block_device": [],
            "ebs_optimized": false,
            "enclave_options": [
              {
                "enabled": false
              }
            ],
            "ephemeral_block_device": [],
            "get_password_data": false,
            "hibernation": false,
            "host_id": null,
            "iam_instance_profile": "",
            "id": "i-03594fb9c25c3953c",
            "instance_initiated_shutdown_behavior": "stop",
            "instance_state": "running",
            "instance_type": "t2.micro",
            "ipv6_address_count": 0,
            "ipv6_addresses": [],
            "key_name": "GWID-key",
            "launch_template": [],
            "metadata_options": [
              {
                "http_endpoint": "enabled",
                "http_put_response_hop_limit": 2,
                "http_tokens": "required",
                "instance_metadata_tags": "disabled"
              }
            ],
            "monitoring": false,
            "network_interface": [],
            "outpost_arn": "",
            "password_data": "",
            "placement_group": "",
            "placement_partition_number": null,
            "primary_network_interface_id": "eni-05b953a0337563158",
            "private_dns": "ip-172-31-82-42.ec2.internal",
            "private_ip": "172.31.82.42",
            "public_dns": "ec2-54-172-29-144.compute-1.amazonaws.com",
            "public_ip": "54.172.29.144",
            "root_block_device": [
              {
                "delete_on_termination": true,
                "device_name": "/dev/sda1",
                "encrypted": false,
                "iops": 3000,
                "kms_key_id": "",
                "tags": {},
                "throughput": 125,
                "volume_id": "vol-03b948a05b74502c3",
                "volume_size": 8,
                "volume_type": "gp3"
              }
            ],
            "secondary_private_ips": [],
            "security_groups": [
              "GWID-allow_ssh"
            ],
            "source_dest_check": true,
            "subnet_id": "subnet-0eeef04206a08a7f1",
            "tags": {
              "Name": "GWIDEC2"
            },
            "tags_all": {
              "Name": "GWIDEC2"
            },
            "tenancy": "default",
            "timeouts": null,
            "user_data": "6625cd81b1a1b2895a122d829d57a624f6e9ee17",
            "user_data_base64": null,
            "volume_tags": null,
            "vpc_security_group_ids": [
              "sg-0fa206734596a36a3"
            ]
          },
          "sensitive_attributes": [
            [
              {
                "type": "get_attr",
                "value": "user_data"
              }
            ]
          ],
          "private": "eyJlMmJmYjczMC1lY2FhLTExZTYtOGY4OC0zNDM2M2JjN2M0YzAiOnsiY3JlYXRlIjo2MDAwMDAwMDAwMDAsImRlbGV0ZSI6MTIwMDAwMDAwMDAwMCwidXBkYXRlIjo2MDAwMDAwMDAwMDB9LCJzY2hlbWFfdmVyc2lvbiI6IjEifQ==",
          "dependencies": [
            "aws_key_pair.key",
            "aws_security_group.instance"
          ]
        }
      ]
    },
    {
      "mode": "managed",
      "type": "aws_key_pair",
      "name": "key",
      "provider": "provider[\"registry.terraform.io/hashicorp/aws\"]",
      "instances": [
        {
          "schema_version": 1,
          "attributes": {
            "arn": "arn:aws:ec2:us-east-1:968260241141:key-pair/GWID-key",
            "fingerprint": "1a:ef:07:2e:61:2a:b1:8d:4b:cc:66:e8:43:43:14:26",
            "id": "GWID-key",
            "key_name": "GWID-key",
            "key_name_prefix": "",
            "key_pair_id": "key-0191e1a743d4820ca",
            "public_key": "ssh-rsa AAAAB3NzaC1yc2EAAAADAQABAAACAQDCtjHlMiBVIJAgKoowxTY2U51GziF1ItzxfzRDAvUY82RFW491PNJ4JQAUVKeK4VHqetBR9Xg3f7LAcOAYnRTuRWiJ6o9dMbZFjojrG6enY3bFJv0SEwZ5/fU3W0NcE79xARTbunp+rYoZJSeBY1fKmjx+BhHkynwf8mQAPHcFWA3awqqTZx2h+DIGHUivmq6bYFbEuZUMFI+b1A7jxM6earpHP1eWjRQZzabtncKJicAwZWr41ZV1bMYUL2HlYQdO5jZyCrPDT3muyjOKcEBSzUhpfKHdHaP8mryxfes/D1HFNpUTHU9Thzlbyv1i3EdHdzJEtK4Gla2o+sByI6bkHz2QDTRsVGQm9Hqxp9GwGDQQkNDESAj1nPdFh3SSNa6VdlJ7ulBfrTr5RU6xODGrD6XW0joqU+ZNkAMdVD9MwTL9lcyFjfUYu5ULN2cNbV+8yxUx2/KMHTWGK14fGav2Oo6yTr2knsDMER59KWTzmgWbbofTlu5HO4R3CE08AbrygdbywlLHgWYVi4aagH8Ecp1+4AfA12i8sbqvl9/V+MI1UU9AQggFT3e1YhKtx+m5ouxgnk9md95hjpSfV51p0oqXn5A3Kf/qyDYgqcfZObbAaAAVT3Hk0KUCcjNixe3bzS2ol8juvZF1ciEInvMo3W3jtCdHZoM6barL245Tvw== Livepeer-test",
            "tags": null,
            "tags_all": {}
          },
          "sensitive_attributes": [],
          "private": "eyJzY2hlbWFfdmVyc2lvbiI6IjEifQ=="
        }
      ]
    },
    {
      "mode": "managed",
      "type": "aws_security_group",
      "name": "instance",
      "provider": "provider[\"registry.terraform.io/hashicorp/aws\"]",
      "instances": [
        {
          "schema_version": 1,
          "attributes": {
            "arn": "arn:aws:ec2:us-east-1:968260241141:security-group/sg-0fa206734596a36a3",
            "description": "Allow SSH inbound traffic",
            "egress": [
              {
                "cidr_blocks": [
                  "0.0.0.0/0"
                ],
                "description": "",
                "from_port": 0,
                "ipv6_cidr_blocks": [],
                "prefix_list_ids": [],
                "protocol": "-1",
                "security_groups": [],
                "self": false,
                "to_port": 0
              }
            ],
            "id": "sg-0fa206734596a36a3",
            "ingress": [
              {
                "cidr_blocks": [
                  "0.0.0.0/0"
                ],
                "description": "",
                "from_port": 22,
                "ipv6_cidr_blocks": [],
                "prefix_list_ids": [],
                "protocol": "tcp",
                "security_groups": [],
                "self": false,
                "to_port": 22
              }
            ],
            "name": "GWID-allow_ssh",
            "name_prefix": "",
            "owner_id": "968260241141",
            "revoke_rules_on_delete": false,
            "tags": null,
            "tags_all": {},
            "timeouts": null,
            "vpc_id": "vpc-0acd4346994936c0d"
          },
          "sensitive_attributes": [],
          "private": "eyJlMmJmYjczMC1lY2FhLTExZTYtOGY4OC0zNDM2M2JjN2M0YzAiOnsiY3JlYXRlIjo2MDAwMDAwMDAwMDAsImRlbGV0ZSI6OTAwMDAwMDAwMDAwfSwic2NoZW1hX3ZlcnNpb24iOiIxIn0="
        }
      ]
    }
  ],
  "check_results": null
}
